// !$*UTF8*$!
{
	archiveVersion = 1;
	classes = {
	};
	objectVersion = 56;
	objects = {

/* Begin PBXBuildFile section */
		24A9F7702A5BAF1400AF6095 /* jucaculatorsApp.swift in Sources */ = {isa = PBXBuildFile; fileRef = 24A9F76F2A5BAF1400AF6095 /* jucaculatorsApp.swift */; };
		24A9F7722A5BAF1400AF6095 /* ContentView.swift in Sources */ = {isa = PBXBuildFile; fileRef = 24A9F7712A5BAF1400AF6095 /* ContentView.swift */; };
		24A9F7742A5BAF1700AF6095 /* Assets.xcassets in Resources */ = {isa = PBXBuildFile; fileRef = 24A9F7732A5BAF1700AF6095 /* Assets.xcassets */; };
		24A9F7782A5BAF1700AF6095 /* Preview Assets.xcassets in Resources */ = {isa = PBXBuildFile; fileRef = 24A9F7772A5BAF1700AF6095 /* Preview Assets.xcassets */; };
		24A9F7822A5BAF1700AF6095 /* jucaculatorsTests.swift in Sources */ = {isa = PBXBuildFile; fileRef = 24A9F7812A5BAF1700AF6095 /* jucaculatorsTests.swift */; };
		24A9F78C2A5BAF1700AF6095 /* jucaculatorsUITests.swift in Sources */ = {isa = PBXBuildFile; fileRef = 24A9F78B2A5BAF1700AF6095 /* jucaculatorsUITests.swift */; };
		24A9F78E2A5BAF1700AF6095 /* jucaculatorsUITestsLaunchTests.swift in Sources */ = {isa = PBXBuildFile; fileRef = 24A9F78D2A5BAF1700AF6095 /* jucaculatorsUITestsLaunchTests.swift */; };
/* End PBXBuildFile section */

/* Begin PBXContainerItemProxy section */
		24A9F77E2A5BAF1700AF6095 /* PBXContainerItemProxy */ = {
			isa = PBXContainerItemProxy;
			containerPortal = 24A9F7642A5BAF1400AF6095 /* Project object */;
			proxyType = 1;
			remoteGlobalIDString = 24A9F76B2A5BAF1400AF6095;
			remoteInfo = jucaculators;
		};
		24A9F7882A5BAF1700AF6095 /* PBXContainerItemProxy */ = {
			isa = PBXContainerItemProxy;
			containerPortal = 24A9F7642A5BAF1400AF6095 /* Project object */;
			proxyType = 1;
			remoteGlobalIDString = 24A9F76B2A5BAF1400AF6095;
			remoteInfo = jucaculators;
		};
/* End PBXContainerItemProxy section */

/* Begin PBXFileReference section */
		24A9F76C2A5BAF1400AF6095 /* jucaculators.app */ = {isa = PBXFileReference; explicitFileType = wrapper.application; includeInIndex = 0; path = jucaculators.app; sourceTree = BUILT_PRODUCTS_DIR; };
		24A9F76F2A5BAF1400AF6095 /* jucaculatorsApp.swift */ = {isa = PBXFileReference; lastKnownFileType = sourcecode.swift; path = jucaculatorsApp.swift; sourceTree = "<group>"; };
		24A9F7712A5BAF1400AF6095 /* ContentView.swift */ = {isa = PBXFileReference; lastKnownFileType = sourcecode.swift; path = ContentView.swift; sourceTree = "<group>"; };
		24A9F7732A5BAF1700AF6095 /* Assets.xcassets */ = {isa = PBXFileReference; lastKnownFileType = folder.assetcatalog; path = Assets.xcassets; sourceTree = "<group>"; };
		24A9F7752A5BAF1700AF6095 /* jucaculators.entitlements */ = {isa = PBXFileReference; lastKnownFileType = text.plist.entitlements; path = jucaculators.entitlements; sourceTree = "<group>"; };
		24A9F7772A5BAF1700AF6095 /* Preview Assets.xcassets */ = {isa = PBXFileReference; lastKnownFileType = folder.assetcatalog; path = "Preview Assets.xcassets"; sourceTree = "<group>"; };
		24A9F77D2A5BAF1700AF6095 /* jucaculatorsTests.xctest */ = {isa = PBXFileReference; explicitFileType = wrapper.cfbundle; includeInIndex = 0; path = jucaculatorsTests.xctest; sourceTree = BUILT_PRODUCTS_DIR; };
		24A9F7812A5BAF1700AF6095 /* jucaculatorsTests.swift */ = {isa = PBXFileReference; lastKnownFileType = sourcecode.swift; path = jucaculatorsTests.swift; sourceTree = "<group>"; };
		24A9F7872A5BAF1700AF6095 /* jucaculatorsUITests.xctest */ = {isa = PBXFileReference; explicitFileType = wrapper.cfbundle; includeInIndex = 0; path = jucaculatorsUITests.xctest; sourceTree = BUILT_PRODUCTS_DIR; };
		24A9F78B2A5BAF1700AF6095 /* jucaculatorsUITests.swift */ = {isa = PBXFileReference; lastKnownFileType = sourcecode.swift; path = jucaculatorsUITests.swift; sourceTree = "<group>"; };
		24A9F78D2A5BAF1700AF6095 /* jucaculatorsUITestsLaunchTests.swift */ = {isa = PBXFileReference; lastKnownFileType = sourcecode.swift; path = jucaculatorsUITestsLaunchTests.swift; sourceTree = "<group>"; };
/* End PBXFileReference section */

/* Begin PBXFrameworksBuildPhase section */
		24A9F7692A5BAF1400AF6095 /* Frameworks */ = {
			isa = PBXFrameworksBuildPhase;
			buildActionMask = 2147483647;
			files = (
			);
			runOnlyForDeploymentPostprocessing = 0;
		};
		24A9F77A2A5BAF1700AF6095 /* Frameworks */ = {
			isa = PBXFrameworksBuildPhase;
			buildActionMask = 2147483647;
			files = (
			);
			runOnlyForDeploymentPostprocessing = 0;
		};
		24A9F7842A5BAF1700AF6095 /* Frameworks */ = {
			isa = PBXFrameworksBuildPhase;
			buildActionMask = 2147483647;
			files = (
			);
			runOnlyForDeploymentPostprocessing = 0;
		};
/* End PBXFrameworksBuildPhase section */

/* Begin PBXGroup section */
		24A9F7632A5BAF1400AF6095 = {
			isa = PBXGroup;
			children = (
				24A9F76E2A5BAF1400AF6095 /* jucaculators */,
				24A9F7802A5BAF1700AF6095 /* jucaculatorsTests */,
				24A9F78A2A5BAF1700AF6095 /* jucaculatorsUITests */,
				24A9F76D2A5BAF1400AF6095 /* Products */,
			);
			sourceTree = "<group>";
		};
		24A9F76D2A5BAF1400AF6095 /* Products */ = {
			isa = PBXGroup;
			children = (
				24A9F76C2A5BAF1400AF6095 /* jucaculators.app */,
				24A9F77D2A5BAF1700AF6095 /* jucaculatorsTests.xctest */,
				24A9F7872A5BAF1700AF6095 /* jucaculatorsUITests.xctest */,
			);
			name = Products;
			sourceTree = "<group>";
		};
		24A9F76E2A5BAF1400AF6095 /* jucaculators */ = {
			isa = PBXGroup;
			children = (
				24A9F76F2A5BAF1400AF6095 /* jucaculatorsApp.swift */,
				24A9F7712A5BAF1400AF6095 /* ContentView.swift */,
				24A9F7732A5BAF1700AF6095 /* Assets.xcassets */,
				24A9F7752A5BAF1700AF6095 /* jucaculators.entitlements */,
				24A9F7762A5BAF1700AF6095 /* Preview Content */,
			);
			path = jucaculators;
			sourceTree = "<group>";
		};
		24A9F7762A5BAF1700AF6095 /* Preview Content */ = {
			isa = PBXGroup;
			children = (
				24A9F7772A5BAF1700AF6095 /* Preview Assets.xcassets */,
			);
			path = "Preview Content";
			sourceTree = "<group>";
		};
		24A9F7802A5BAF1700AF6095 /* jucaculatorsTests */ = {
			isa = PBXGroup;
			children = (
				24A9F7812A5BAF1700AF6095 /* jucaculatorsTests.swift */,
			);
			path = jucaculatorsTests;
			sourceTree = "<group>";
		};
		24A9F78A2A5BAF1700AF6095 /* jucaculatorsUITests */ = {
			isa = PBXGroup;
			children = (
				24A9F78B2A5BAF1700AF6095 /* jucaculatorsUITests.swift */,
				24A9F78D2A5BAF1700AF6095 /* jucaculatorsUITestsLaunchTests.swift */,
			);
			path = jucaculatorsUITests;
			sourceTree = "<group>";
		};
/* End PBXGroup section */

/* Begin PBXNativeTarget section */
		24A9F76B2A5BAF1400AF6095 /* jucaculators */ = {
			isa = PBXNativeTarget;
			buildConfigurationList = 24A9F7912A5BAF1700AF6095 /* Build configuration list for PBXNativeTarget "jucaculators" */;
			buildPhases = (
				24A9F7682A5BAF1400AF6095 /* Sources */,
				24A9F7692A5BAF1400AF6095 /* Frameworks */,
				24A9F76A2A5BAF1400AF6095 /* Resources */,
			);
			buildRules = (
			);
			dependencies = (
			);
			name = jucaculators;
			productName = jucaculators;
			productReference = 24A9F76C2A5BAF1400AF6095 /* jucaculators.app */;
			productType = "com.apple.product-type.application";
		};
		24A9F77C2A5BAF1700AF6095 /* jucaculatorsTests */ = {
			isa = PBXNativeTarget;
			buildConfigurationList = 24A9F7942A5BAF1700AF6095 /* Build configuration list for PBXNativeTarget "jucaculatorsTests" */;
			buildPhases = (
				24A9F7792A5BAF1700AF6095 /* Sources */,
				24A9F77A2A5BAF1700AF6095 /* Frameworks */,
				24A9F77B2A5BAF1700AF6095 /* Resources */,
			);
			buildRules = (
			);
			dependencies = (
				24A9F77F2A5BAF1700AF6095 /* PBXTargetDependency */,
			);
			name = jucaculatorsTests;
			productName = jucaculatorsTests;
			productReference = 24A9F77D2A5BAF1700AF6095 /* jucaculatorsTests.xctest */;
			productType = "com.apple.product-type.bundle.unit-test";
		};
		24A9F7862A5BAF1700AF6095 /* jucaculatorsUITests */ = {
			isa = PBXNativeTarget;
			buildConfigurationList = 24A9F7972A5BAF1700AF6095 /* Build configuration list for PBXNativeTarget "jucaculatorsUITests" */;
			buildPhases = (
				24A9F7832A5BAF1700AF6095 /* Sources */,
				24A9F7842A5BAF1700AF6095 /* Frameworks */,
				24A9F7852A5BAF1700AF6095 /* Resources */,
			);
			buildRules = (
			);
			dependencies = (
				24A9F7892A5BAF1700AF6095 /* PBXTargetDependency */,
			);
			name = jucaculatorsUITests;
			productName = jucaculatorsUITests;
			productReference = 24A9F7872A5BAF1700AF6095 /* jucaculatorsUITests.xctest */;
			productType = "com.apple.product-type.bundle.ui-testing";
		};
/* End PBXNativeTarget section */

/* Begin PBXProject section */
		24A9F7642A5BAF1400AF6095 /* Project object */ = {
			isa = PBXProject;
			attributes = {
				BuildIndependentTargetsInParallel = 1;
				LastSwiftUpdateCheck = 1430;
				LastUpgradeCheck = 1430;
				TargetAttributes = {
					24A9F76B2A5BAF1400AF6095 = {
						CreatedOnToolsVersion = 14.3;
					};
					24A9F77C2A5BAF1700AF6095 = {
						CreatedOnToolsVersion = 14.3;
						TestTargetID = 24A9F76B2A5BAF1400AF6095;
					};
					24A9F7862A5BAF1700AF6095 = {
						CreatedOnToolsVersion = 14.3;
						TestTargetID = 24A9F76B2A5BAF1400AF6095;
					};
				};
			};
			buildConfigurationList = 24A9F7672A5BAF1400AF6095 /* Build configuration list for PBXProject "jucaculators" */;
			compatibilityVersion = "Xcode 14.0";
			developmentRegion = en;
			hasScannedForEncodings = 0;
			knownRegions = (
				en,
				Base,
			);
			mainGroup = 24A9F7632A5BAF1400AF6095;
			productRefGroup = 24A9F76D2A5BAF1400AF6095 /* Products */;
			projectDirPath = "";
			projectRoot = "";
			targets = (
				24A9F76B2A5BAF1400AF6095 /* jucaculators */,
				24A9F77C2A5BAF1700AF6095 /* jucaculatorsTests */,
				24A9F7862A5BAF1700AF6095 /* jucaculatorsUITests */,
			);
		};
/* End PBXProject section */

/* Begin PBXResourcesBuildPhase section */
		24A9F76A2A5BAF1400AF6095 /* Resources */ = {
			isa = PBXResourcesBuildPhase;
			buildActionMask = 2147483647;
			files = (
				24A9F7782A5BAF1700AF6095 /* Preview Assets.xcassets in Resources */,
				24A9F7742A5BAF1700AF6095 /* Assets.xcassets in Resources */,
			);
			runOnlyForDeploymentPostprocessing = 0;
		};
		24A9F77B2A5BAF1700AF6095 /* Resources */ = {
			isa = PBXResourcesBuildPhase;
			buildActionMask = 2147483647;
			files = (
			);
			runOnlyForDeploymentPostprocessing = 0;
		};
		24A9F7852A5BAF1700AF6095 /* Resources */ = {
			isa = PBXResourcesBuildPhase;
			buildActionMask = 2147483647;
			files = (
			);
			runOnlyForDeploymentPostprocessing = 0;
		};
/* End PBXResourcesBuildPhase section */

/* Begin PBXSourcesBuildPhase section */
		24A9F7682A5BAF1400AF6095 /* Sources */ = {
			isa = PBXSourcesBuildPhase;
			buildActionMask = 2147483647;
			files = (
				24A9F7722A5BAF1400AF6095 /* ContentView.swift in Sources */,
				24A9F7702A5BAF1400AF6095 /* jucaculatorsApp.swift in Sources */,
			);
			runOnlyForDeploymentPostprocessing = 0;
		};
		24A9F7792A5BAF1700AF6095 /* Sources */ = {
			isa = PBXSourcesBuildPhase;
			buildActionMask = 2147483647;
			files = (
				24A9F7822A5BAF1700AF6095 /* jucaculatorsTests.swift in Sources */,
			);
			runOnlyForDeploymentPostprocessing = 0;
		};
		24A9F7832A5BAF1700AF6095 /* Sources */ = {
			isa = PBXSourcesBuildPhase;
			buildActionMask = 2147483647;
			files = (
				24A9F78E2A5BAF1700AF6095 /* jucaculatorsUITestsLaunchTests.swift in Sources */,
				24A9F78C2A5BAF1700AF6095 /* jucaculatorsUITests.swift in Sources */,
			);
			runOnlyForDeploymentPostprocessing = 0;
		};
/* End PBXSourcesBuildPhase section */

/* Begin PBXTargetDependency section */
		24A9F77F2A5BAF1700AF6095 /* PBXTargetDependency */ = {
			isa = PBXTargetDependency;
			target = 24A9F76B2A5BAF1400AF6095 /* jucaculators */;
			targetProxy = 24A9F77E2A5BAF1700AF6095 /* PBXContainerItemProxy */;
		};
		24A9F7892A5BAF1700AF6095 /* PBXTargetDependency */ = {
			isa = PBXTargetDependency;
			target = 24A9F76B2A5BAF1400AF6095 /* jucaculators */;
			targetProxy = 24A9F7882A5BAF1700AF6095 /* PBXContainerItemProxy */;
		};
/* End PBXTargetDependency section */

/* Begin XCBuildConfiguration section */
		24A9F78F2A5BAF1700AF6095 /* Debug */ = {
			isa = XCBuildConfiguration;
			buildSettings = {
				ALWAYS_SEARCH_USER_PATHS = NO;
				CLANG_ANALYZER_NONNULL = YES;
				CLANG_ANALYZER_NUMBER_OBJECT_CONVERSION = YES_AGGRESSIVE;
				CLANG_CXX_LANGUAGE_STANDARD = "gnu++20";
				CLANG_ENABLE_MODULES = YES;
				CLANG_ENABLE_OBJC_ARC = YES;
				CLANG_ENABLE_OBJC_WEAK = YES;
				CLANG_WARN_BLOCK_CAPTURE_AUTORELEASING = YES;
				CLANG_WARN_BOOL_CONVERSION = YES;
				CLANG_WARN_COMMA = YES;
				CLANG_WARN_CONSTANT_CONVERSION = YES;
				CLANG_WARN_DEPRECATED_OBJC_IMPLEMENTATIONS = YES;
				CLANG_WARN_DIRECT_OBJC_ISA_USAGE = YES_ERROR;
				CLANG_WARN_DOCUMENTATION_COMMENTS = YES;
				CLANG_WARN_EMPTY_BODY = YES;
				CLANG_WARN_ENUM_CONVERSION = YES;
				CLANG_WARN_INFINITE_RECURSION = YES;
				CLANG_WARN_INT_CONVERSION = YES;
				CLANG_WARN_NON_LITERAL_NULL_CONVERSION = YES;
				CLANG_WARN_OBJC_IMPLICIT_RETAIN_SELF = YES;
				CLANG_WARN_OBJC_LITERAL_CONVERSION = YES;
				CLANG_WARN_OBJC_ROOT_CLASS = YES_ERROR;
				CLANG_WARN_QUOTED_INCLUDE_IN_FRAMEWORK_HEADER = YES;
				CLANG_WARN_RANGE_LOOP_ANALYSIS = YES;
				CLANG_WARN_STRICT_PROTOTYPES = YES;
				CLANG_WARN_SUSPICIOUS_MOVE = YES;
				CLANG_WARN_UNGUARDED_AVAILABILITY = YES_AGGRESSIVE;
				CLANG_WARN_UNREACHABLE_CODE = YES;
				CLANG_WARN__DUPLICATE_METHOD_MATCH = YES;
				COPY_PHASE_STRIP = NO;
				DEBUG_INFORMATION_FORMAT = dwarf;
				ENABLE_STRICT_OBJC_MSGSEND = YES;
				ENABLE_TESTABILITY = YES;
				GCC_C_LANGUAGE_STANDARD = gnu11;
				GCC_DYNAMIC_NO_PIC = NO;
				GCC_NO_COMMON_BLOCKS = YES;
				GCC_OPTIMIZATION_LEVEL = 0;
				GCC_PREPROCESSOR_DEFINITIONS = (
					"DEBUG=1",
					"$(inherited)",
				);
				GCC_WARN_64_TO_32_BIT_CONVERSION = YES;
				GCC_WARN_ABOUT_RETURN_TYPE = YES_ERROR;
				GCC_WARN_UNDECLARED_SELECTOR = YES;
				GCC_WARN_UNINITIALIZED_AUTOS = YES_AGGRESSIVE;
				GCC_WARN_UNUSED_FUNCTION = YES;
				GCC_WARN_UNUSED_VARIABLE = YES;
				MTL_ENABLE_DEBUG_INFO = INCLUDE_SOURCE;
				MTL_FAST_MATH = YES;
				ONLY_ACTIVE_ARCH = YES;
				SWIFT_ACTIVE_COMPILATION_CONDITIONS = DEBUG;
				SWIFT_OPTIMIZATION_LEVEL = "-Onone";
			};
			name = Debug;
		};
		24A9F7902A5BAF1700AF6095 /* Release */ = {
			isa = XCBuildConfiguration;
			buildSettings = {
				ALWAYS_SEARCH_USER_PATHS = NO;
				CLANG_ANALYZER_NONNULL = YES;
				CLANG_ANALYZER_NUMBER_OBJECT_CONVERSION = YES_AGGRESSIVE;
				CLANG_CXX_LANGUAGE_STANDARD = "gnu++20";
				CLANG_ENABLE_MODULES = YES;
				CLANG_ENABLE_OBJC_ARC = YES;
				CLANG_ENABLE_OBJC_WEAK = YES;
				CLANG_WARN_BLOCK_CAPTURE_AUTORELEASING = YES;
				CLANG_WARN_BOOL_CONVERSION = YES;
				CLANG_WARN_COMMA = YES;
				CLANG_WARN_CONSTANT_CONVERSION = YES;
				CLANG_WARN_DEPRECATED_OBJC_IMPLEMENTATIONS = YES;
				CLANG_WARN_DIRECT_OBJC_ISA_USAGE = YES_ERROR;
				CLANG_WARN_DOCUMENTATION_COMMENTS = YES;
				CLANG_WARN_EMPTY_BODY = YES;
				CLANG_WARN_ENUM_CONVERSION = YES;
				CLANG_WARN_INFINITE_RECURSION = YES;
				CLANG_WARN_INT_CONVERSION = YES;
				CLANG_WARN_NON_LITERAL_NULL_CONVERSION = YES;
				CLANG_WARN_OBJC_IMPLICIT_RETAIN_SELF = YES;
				CLANG_WARN_OBJC_LITERAL_CONVERSION = YES;
				CLANG_WARN_OBJC_ROOT_CLASS = YES_ERROR;
				CLANG_WARN_QUOTED_INCLUDE_IN_FRAMEWORK_HEADER = YES;
				CLANG_WARN_RANGE_LOOP_ANALYSIS = YES;
				CLANG_WARN_STRICT_PROTOTYPES = YES;
				CLANG_WARN_SUSPICIOUS_MOVE = YES;
				CLANG_WARN_UNGUARDED_AVAILABILITY = YES_AGGRESSIVE;
				CLANG_WARN_UNREACHABLE_CODE = YES;
				CLANG_WARN__DUPLICATE_METHOD_MATCH = YES;
				COPY_PHASE_STRIP = NO;
				DEBUG_INFORMATION_FORMAT = "dwarf-with-dsym";
				ENABLE_NS_ASSERTIONS = NO;
				ENABLE_STRICT_OBJC_MSGSEND = YES;
				GCC_C_LANGUAGE_STANDARD = gnu11;
				GCC_NO_COMMON_BLOCKS = YES;
				GCC_WARN_64_TO_32_BIT_CONVERSION = YES;
				GCC_WARN_ABOUT_RETURN_TYPE = YES_ERROR;
				GCC_WARN_UNDECLARED_SELECTOR = YES;
				GCC_WARN_UNINITIALIZED_AUTOS = YES_AGGRESSIVE;
				GCC_WARN_UNUSED_FUNCTION = YES;
				GCC_WARN_UNUSED_VARIABLE = YES;
				MTL_ENABLE_DEBUG_INFO = NO;
				MTL_FAST_MATH = YES;
				SWIFT_COMPILATION_MODE = wholemodule;
				SWIFT_OPTIMIZATION_LEVEL = "-O";
			};
			name = Release;
		};
		24A9F7922A5BAF1700AF6095 /* Debug */ = {
			isa = XCBuildConfiguration;
			buildSettings = {
				ASSETCATALOG_COMPILER_APPICON_NAME = AppIcon;
				ASSETCATALOG_COMPILER_GLOBAL_ACCENT_COLOR_NAME = AccentColor;
				CODE_SIGN_ENTITLEMENTS = jucaculators/jucaculators.entitlements;
				CODE_SIGN_STYLE = Automatic;
				CURRENT_PROJECT_VERSION = 1;
				DEVELOPMENT_ASSET_PATHS = "\"jucaculators/Preview Content\"";
				DEVELOPMENT_TEAM = 8W3V44ACRN;
				ENABLE_HARDENED_RUNTIME = YES;
				ENABLE_PREVIEWS = YES;
				GENERATE_INFOPLIST_FILE = YES;
				"INFOPLIST_KEY_UIApplicationSceneManifest_Generation[sdk=iphoneos*]" = YES;
				"INFOPLIST_KEY_UIApplicationSceneManifest_Generation[sdk=iphonesimulator*]" = YES;
				"INFOPLIST_KEY_UIApplicationSupportsIndirectInputEvents[sdk=iphoneos*]" = YES;
				"INFOPLIST_KEY_UIApplicationSupportsIndirectInputEvents[sdk=iphonesimulator*]" = YES;
				"INFOPLIST_KEY_UILaunchScreen_Generation[sdk=iphoneos*]" = YES;
				"INFOPLIST_KEY_UILaunchScreen_Generation[sdk=iphonesimulator*]" = YES;
				"INFOPLIST_KEY_UIStatusBarStyle[sdk=iphoneos*]" = UIStatusBarStyleDefault;
				"INFOPLIST_KEY_UIStatusBarStyle[sdk=iphonesimulator*]" = UIStatusBarStyleDefault;
				INFOPLIST_KEY_UISupportedInterfaceOrientations_iPad = "UIInterfaceOrientationPortrait UIInterfaceOrientationPortraitUpsideDown UIInterfaceOrientationLandscapeLeft UIInterfaceOrientationLandscapeRight";
				INFOPLIST_KEY_UISupportedInterfaceOrientations_iPhone = "UIInterfaceOrientationPortrait UIInterfaceOrientationLandscapeLeft UIInterfaceOrientationLandscapeRight";
				IPHONEOS_DEPLOYMENT_TARGET = 11.0;
				LD_RUNPATH_SEARCH_PATHS = "@executable_path/Frameworks";
				"LD_RUNPATH_SEARCH_PATHS[sdk=macosx*]" = "@executable_path/../Frameworks";
				MACOSX_DEPLOYMENT_TARGET = 13.3;
				MARKETING_VERSION = 1.0;
				PRODUCT_BUNDLE_IDENTIFIER = com.lxj.jucaculators;
				PRODUCT_NAME = "$(TARGET_NAME)";
				SDKROOT = auto;
				SUPPORTED_PLATFORMS = "iphoneos iphonesimulator macosx";
				SWIFT_EMIT_LOC_STRINGS = YES;
				SWIFT_VERSION = 5.0;
				TARGETED_DEVICE_FAMILY = "1,2";
			};
			name = Debug;
		};
		24A9F7932A5BAF1700AF6095 /* Release */ = {
			isa = XCBuildConfiguration;
			buildSettings = {
				ASSETCATALOG_COMPILER_APPICON_NAME = AppIcon;
				ASSETCATALOG_COMPILER_GLOBAL_ACCENT_COLOR_NAME = AccentColor;
				CODE_SIGN_ENTITLEMENTS = jucaculators/jucaculators.entitlements;
				CODE_SIGN_STYLE = Automatic;
				CURRENT_PROJECT_VERSION = 1;
				DEVELOPMENT_ASSET_PATHS = "\"jucaculators/Preview Content\"";
				DEVELOPMENT_TEAM = 8W3V44ACRN;
				ENABLE_HARDENED_RUNTIME = YES;
				ENABLE_PREVIEWS = YES;
				GENERATE_INFOPLIST_FILE = YES;
				"INFOPLIST_KEY_UIApplicationSceneManifest_Generation[sdk=iphoneos*]" = YES;
				"INFOPLIST_KEY_UIApplicationSceneManifest_Generation[sdk=iphonesimulator*]" = YES;
				"INFOPLIST_KEY_UIApplicationSupportsIndirectInputEvents[sdk=iphoneos*]" = YES;
				"INFOPLIST_KEY_UIApplicationSupportsIndirectInputEvents[sdk=iphonesimulator*]" = YES;
				"INFOPLIST_KEY_UILaunchScreen_Generation[sdk=iphoneos*]" = YES;
				"INFOPLIST_KEY_UILaunchScreen_Generation[sdk=iphonesimulator*]" = YES;
				"INFOPLIST_KEY_UIStatusBarStyle[sdk=iphoneos*]" = UIStatusBarStyleDefault;
				"INFOPLIST_KEY_UIStatusBarStyle[sdk=iphonesimulator*]" = UIStatusBarStyleDefault;
				INFOPLIST_KEY_UISupportedInterfaceOrientations_iPad = "UIInterfaceOrientationPortrait UIInterfaceOrientationPortraitUpsideDown UIInterfaceOrientationLandscapeLeft UIInterfaceOrientationLandscapeRight";
				INFOPLIST_KEY_UISupportedInterfaceOrientations_iPhone = "UIInterfaceOrientationPortrait UIInterfaceOrientationLandscapeLeft UIInterfaceOrientationLandscapeRight";
				IPHONEOS_DEPLOYMENT_TARGET = 11.0;
				LD_RUNPATH_SEARCH_PATHS = "@executable_path/Frameworks";
				"LD_RUNPATH_SEARCH_PATHS[sdk=macosx*]" = "@executable_path/../Frameworks";
				MACOSX_DEPLOYMENT_TARGET = 13.3;
				MARKETING_VERSION = 1.0;
				PRODUCT_BUNDLE_IDENTIFIER = com.lxj.jucaculators;
				PRODUCT_NAME = "$(TARGET_NAME)";
				SDKROOT = auto;
				SUPPORTED_PLATFORMS = "iphoneos iphonesimulator macosx";
				SWIFT_EMIT_LOC_STRINGS = YES;
				SWIFT_VERSION = 5.0;
				TARGETED_DEVICE_FAMILY = "1,2";
			};
			name = Release;
		};
		24A9F7952A5BAF1700AF6095 /* Debug */ = {
			isa = XCBuildConfiguration;
			buildSettings = {
				ALWAYS_EMBED_SWIFT_STANDARD_LIBRARIES = YES;
				BUNDLE_LOADER = "$(TEST_HOST)";
				CODE_SIGN_STYLE = Automatic;
				CURRENT_PROJECT_VERSION = 1;
				DEVELOPMENT_TEAM = 8W3V44ACRN;
				GENERATE_INFOPLIST_FILE = YES;
				IPHONEOS_DEPLOYMENT_TARGET = 16.4;
				MACOSX_DEPLOYMENT_TARGET = 13.3;
				MARKETING_VERSION = 1.0;
				PRODUCT_BUNDLE_IDENTIFIER = com.lxj.jucaculatorsTests;
				PRODUCT_NAME = "$(TARGET_NAME)";
				SDKROOT = auto;
				SUPPORTED_PLATFORMS = "iphoneos iphonesimulator macosx";
				SWIFT_EMIT_LOC_STRINGS = NO;
				SWIFT_VERSION = 5.0;
				TARGETED_DEVICE_FAMILY = "1,2";
				TEST_HOST = "$(BUILT_PRODUCTS_DIR)/jucaculators.app/$(BUNDLE_EXECUTABLE_FOLDER_PATH)/jucaculators";
			};
			name = Debug;
		};
		24A9F7962A5BAF1700AF6095 /* Release */ = {
			isa = XCBuildConfiguration;
			buildSettings = {
				ALWAYS_EMBED_SWIFT_STANDARD_LIBRARIES = YES;
				BUNDLE_LOADER = "$(TEST_HOST)";
				CODE_SIGN_STYLE = Automatic;
				CURRENT_PROJECT_VERSION = 1;
				DEVELOPMENT_TEAM = 8W3V44ACRN;
				GENERATE_INFOPLIST_FILE = YES;
				IPHONEOS_DEPLOYMENT_TARGET = 16.4;
				MACOSX_DEPLOYMENT_TARGET = 13.3;
				MARKETING_VERSION = 1.0;
				PRODUCT_BUNDLE_IDENTIFIER = com.lxj.jucaculatorsTests;
				PRODUCT_NAME = "$(TARGET_NAME)";
				SDKROOT = auto;
				SUPPORTED_PLATFORMS = "iphoneos iphonesimulator macosx";
				SWIFT_EMIT_LOC_STRINGS = NO;
				SWIFT_VERSION = 5.0;
				TARGETED_DEVICE_FAMILY = "1,2";
				TEST_HOST = "$(BUILT_PRODUCTS_DIR)/jucaculators.app/$(BUNDLE_EXECUTABLE_FOLDER_PATH)/jucaculators";
			};
			name = Release;
		};
		24A9F7982A5BAF1700AF6095 /* Debug */ = {
			isa = XCBuildConfiguration;
			buildSettings = {
				ALWAYS_EMBED_SWIFT_STANDARD_LIBRARIES = YES;
				CODE_SIGN_STYLE = Automatic;
				CURRENT_PROJECT_VERSION = 1;
				DEVELOPMENT_TEAM = 8W3V44ACRN;
				GENERATE_INFOPLIST_FILE = YES;
				IPHONEOS_DEPLOYMENT_TARGET = 16.4;
				MACOSX_DEPLOYMENT_TARGET = 13.3;
				MARKETING_VERSION = 1.0;
				PRODUCT_BUNDLE_IDENTIFIER = com.lxj.jucaculatorsUITests;
				PRODUCT_NAME = "$(TARGET_NAME)";
				SDKROOT = auto;
				SUPPORTED_PLATFORMS = "iphoneos iphonesimulator macosx";
				SWIFT_EMIT_LOC_STRINGS = NO;
				SWIFT_VERSION = 5.0;
				TARGETED_DEVICE_FAMILY = "1,2";
				TEST_TARGET_NAME = jucaculators;
			};
			name = Debug;
		};
		24A9F7992A5BAF1700AF6095 /* Release */ = {
			isa = XCBuildConfiguration;
			buildSettings = {
				ALWAYS_EMBED_SWIFT_STANDARD_LIBRARIES = YES;
				CODE_SIGN_STYLE = Automatic;
				CURRENT_PROJECT_VERSION = 1;
				DEVELOPMENT_TEAM = 8W3V44ACRN;
				GENERATE_INFOPLIST_FILE = YES;
				IPHONEOS_DEPLOYMENT_TARGET = 16.4;
				MACOSX_DEPLOYMENT_TARGET = 13.3;
				MARKETING_VERSION = 1.0;
				PRODUCT_BUNDLE_IDENTIFIER = com.lxj.jucaculatorsUITests;
				PRODUCT_NAME = "$(TARGET_NAME)";
				SDKROOT = auto;
				SUPPORTED_PLATFORMS = "iphoneos iphonesimulator macosx";
				SWIFT_EMIT_LOC_STRINGS = NO;
				SWIFT_VERSION = 5.0;
				TARGETED_DEVICE_FAMILY = "1,2";
				TEST_TARGET_NAME = jucaculators;
			};
			name = Release;
		};
/* End XCBuildConfiguration section */

/* Begin XCConfigurationList section */
		24A9F7672A5BAF1400AF6095 /* Build configuration list for PBXProject "jucaculators" */ = {
			isa = XCConfigurationList;
			buildConfigurations = (
				24A9F78F2A5BAF1700AF6095 /* Debug */,
				24A9F7902A5BAF1700AF6095 /* Release */,
			);
			defaultConfigurationIsVisible = 0;
			defaultConfigurationName = Release;
		};
		24A9F7912A5BAF1700AF6095 /* Build configuration list for PBXNativeTarget "jucaculators" */ = {
			isa = XCConfigurationList;
			buildConfigurations = (
				24A9F7922A5BAF1700AF6095 /* Debug */,
				24A9F7932A5BAF1700AF6095 /* Release */,
			);
			defaultConfigurationIsVisible = 0;
			defaultConfigurationName = Release;
		};
		24A9F7942A5BAF1700AF6095 /* Build configuration list for PBXNativeTarget "jucaculatorsTests" */ = {
			isa = XCConfigurationList;
			buildConfigurations = (
				24A9F7952A5BAF1700AF6095 /* Debug */,
				24A9F7962A5BAF1700AF6095 /* Release */,
			);
			defaultConfigurationIsVisible = 0;
			defaultConfigurationName = Release;
		};
		24A9F7972A5BAF1700AF6095 /* Build configuration list for PBXNativeTarget "jucaculatorsUITests" */ = {
			isa = XCConfigurationList;
			buildConfigurations = (
				24A9F7982A5BAF1700AF6095 /* Debug */,
				24A9F7992A5BAF1700AF6095 /* Release */,
			);
			defaultConfigurationIsVisible = 0;
			defaultConfigurationName = Release;
		};
/* End XCConfigurationList section */
	};
	rootObject = 24A9F7642A5BAF1400AF6095 /* Project object */;
}
